
Microsoft Visual Studio Solution File, Format Version 12.00
# Visual Studio Version 17
VisualStudioVersion = 17.13.35507.96 d17.13
MinimumVisualStudioVersion = 10.0.40219.1
Project("{FAE04EC0-301F-11D3-BF4B-00C04F79EFBC}") = "AutoUploadQCGate", "AutoUploadQCGate\AutoUploadQCGate.csproj", "{E1B24838-47DA-47F7-9EC2-9B64675870D2}"
EndProject
Global
	GlobalSection(SolutionConfigurationPlatforms) = preSolution
		Debug|Any CPU = Debug|Any CPU
		Release|Any CPU = Release|Any CPU
	EndGlobalSection
	GlobalSection(ProjectConfigurationPlatforms) = postSolution
		{E1B24838-47DA-47F7-9EC2-9B64675870D2}.Debug|Any CPU.ActiveCfg = Debug|Any CPU
		{E1B24838-47DA-47F7-9EC2-9B64675870D2}.Debug|Any CPU.Build.0 = Debug|Any CPU
		{E1B24838-47DA-47F7-9EC2-9B64675870D2}.Release|Any CPU.ActiveCfg = Release|Any CPU
		{E1B24838-47DA-47F7-9EC2-9B64675870D2}.Release|Any CPU.Build.0 = Release|Any CPU
	EndGlobalSection
	GlobalSection(SolutionProperties) = preSolution
		HideSolutionNode = FALSE
	EndGlobalSection
	GlobalSection(ExtensibilityGlobals) = postSolution
		SolutionGuid = {EB965040-5C75-4A64-94C6-EA157E6C890C}
	EndGlobalSection
EndGlobal
